
Microsoft Visual Studio Solution File, Format Version 12.00
# Visual Studio Version 16
VisualStudioVersion = 16.0.30114.105
MinimumVisualStudioVersion = 10.0.40219.1
Project("{FAE04EC0-301F-11D3-BF4B-00C04F79EFBC}") = "JNetCall.Sharp", "JNetCall.Sharp\JNetCall.Sharp.csproj", "{2B7FCEC3-8D87-4139-8793-C123BEEF8F91}"
EndProject
Project("{FAE04EC0-301F-11D3-BF4B-00C04F79EFBC}") = "CalculatorSharp", "CalculatorSharp\CalculatorSharp.csproj", "{F21D5EBB-4348-42B8-9BE9-F883F88F4D01}"
EndProject
Global
	GlobalSection(SolutionConfigurationPlatforms) = preSolution
		Debug|Any CPU = Debug|Any CPU
		Release|Any CPU = Release|Any CPU
	EndGlobalSection
	GlobalSection(SolutionProperties) = preSolution
		HideSolutionNode = FALSE
	EndGlobalSection
	GlobalSection(ProjectConfigurationPlatforms) = postSolution
		{2B7FCEC3-8D87-4139-8793-C123BEEF8F91}.Debug|Any CPU.ActiveCfg = Debug|Any CPU
		{2B7FCEC3-8D87-4139-8793-C123BEEF8F91}.Debug|Any CPU.Build.0 = Debug|Any CPU
		{2B7FCEC3-8D87-4139-8793-C123BEEF8F91}.Release|Any CPU.ActiveCfg = Release|Any CPU
		{2B7FCEC3-8D87-4139-8793-C123BEEF8F91}.Release|Any CPU.Build.0 = Release|Any CPU
		{F21D5EBB-4348-42B8-9BE9-F883F88F4D01}.Debug|Any CPU.ActiveCfg = Debug|Any CPU
		{F21D5EBB-4348-42B8-9BE9-F883F88F4D01}.Debug|Any CPU.Build.0 = Debug|Any CPU
		{F21D5EBB-4348-42B8-9BE9-F883F88F4D01}.Release|Any CPU.ActiveCfg = Release|Any CPU
		{F21D5EBB-4348-42B8-9BE9-F883F88F4D01}.Release|Any CPU.Build.0 = Release|Any CPU
	EndGlobalSection
EndGlobal
