
Microsoft Visual Studio Solution File, Format Version 12.00
# Visual Studio Version 16
VisualStudioVersion = 16.0.30114.105
MinimumVisualStudioVersion = 10.0.40219.1
Project("{FAE04EC0-301F-11D3-BF4B-00C04F79EFBC}") = "JNetCall.Sharp", "JNetCall.Sharp\JNetCall.Sharp.csproj", "{8BE437C6-D067-4353-977B-E3C856540CAD}"
EndProject
Project("{FAE04EC0-301F-11D3-BF4B-00C04F79EFBC}") = "JNetCall.Sharp.Tests", "JNetCall.Sharp.Tests\JNetCall.Sharp.Tests.csproj", "{822787C7-B126-4985-A004-131FFBACBA0A}"
EndProject
Project("{FAE04EC0-301F-11D3-BF4B-00C04F79EFBC}") = "JNetProto.Sharp", "JNetProto.Sharp\JNetProto.Sharp.csproj", "{D8DABB94-4044-4B17-9EAC-18D28177DC74}"
EndProject
Project("{FAE04EC0-301F-11D3-BF4B-00C04F79EFBC}") = "JNetProto.Sharp.Tests", "JNetProto.Sharp.Tests\JNetProto.Sharp.Tests.csproj", "{94EFFBDE-A8BC-48E1-B8A9-DE4FEA719AD2}"
EndProject
Project("{FAE04EC0-301F-11D3-BF4B-00C04F79EFBC}") = "Alien.Sharp", "Alien.Sharp\Alien.Sharp.csproj", "{A17FB61D-2978-4A95-A01A-00BA5753ADD7}"
EndProject
Project("{FAE04EC0-301F-11D3-BF4B-00C04F79EFBC}") = "Alienator.Sharp", "Alienator.Sharp\Alienator.Sharp.csproj", "{653CAAF5-291C-4B0A-B0F6-2889B79010C1}"
EndProject
Global
	GlobalSection(SolutionConfigurationPlatforms) = preSolution
		Debug|Any CPU = Debug|Any CPU
		Release|Any CPU = Release|Any CPU
	EndGlobalSection
	GlobalSection(SolutionProperties) = preSolution
		HideSolutionNode = FALSE
	EndGlobalSection
	GlobalSection(ProjectConfigurationPlatforms) = postSolution
		{8BE437C6-D067-4353-977B-E3C856540CAD}.Debug|Any CPU.ActiveCfg = Debug|Any CPU
		{8BE437C6-D067-4353-977B-E3C856540CAD}.Debug|Any CPU.Build.0 = Debug|Any CPU
		{8BE437C6-D067-4353-977B-E3C856540CAD}.Release|Any CPU.ActiveCfg = Release|Any CPU
		{8BE437C6-D067-4353-977B-E3C856540CAD}.Release|Any CPU.Build.0 = Release|Any CPU
		{822787C7-B126-4985-A004-131FFBACBA0A}.Debug|Any CPU.ActiveCfg = Debug|Any CPU
		{822787C7-B126-4985-A004-131FFBACBA0A}.Debug|Any CPU.Build.0 = Debug|Any CPU
		{822787C7-B126-4985-A004-131FFBACBA0A}.Release|Any CPU.ActiveCfg = Release|Any CPU
		{822787C7-B126-4985-A004-131FFBACBA0A}.Release|Any CPU.Build.0 = Release|Any CPU
		{D8DABB94-4044-4B17-9EAC-18D28177DC74}.Debug|Any CPU.ActiveCfg = Debug|Any CPU
		{D8DABB94-4044-4B17-9EAC-18D28177DC74}.Debug|Any CPU.Build.0 = Debug|Any CPU
		{D8DABB94-4044-4B17-9EAC-18D28177DC74}.Release|Any CPU.ActiveCfg = Release|Any CPU
		{D8DABB94-4044-4B17-9EAC-18D28177DC74}.Release|Any CPU.Build.0 = Release|Any CPU
		{94EFFBDE-A8BC-48E1-B8A9-DE4FEA719AD2}.Debug|Any CPU.ActiveCfg = Debug|Any CPU
		{94EFFBDE-A8BC-48E1-B8A9-DE4FEA719AD2}.Debug|Any CPU.Build.0 = Debug|Any CPU
		{94EFFBDE-A8BC-48E1-B8A9-DE4FEA719AD2}.Release|Any CPU.ActiveCfg = Release|Any CPU
		{94EFFBDE-A8BC-48E1-B8A9-DE4FEA719AD2}.Release|Any CPU.Build.0 = Release|Any CPU
		{A17FB61D-2978-4A95-A01A-00BA5753ADD7}.Debug|Any CPU.ActiveCfg = Debug|Any CPU
		{A17FB61D-2978-4A95-A01A-00BA5753ADD7}.Debug|Any CPU.Build.0 = Debug|Any CPU
		{A17FB61D-2978-4A95-A01A-00BA5753ADD7}.Release|Any CPU.ActiveCfg = Release|Any CPU
		{A17FB61D-2978-4A95-A01A-00BA5753ADD7}.Release|Any CPU.Build.0 = Release|Any CPU
		{653CAAF5-291C-4B0A-B0F6-2889B79010C1}.Debug|Any CPU.ActiveCfg = Debug|Any CPU
		{653CAAF5-291C-4B0A-B0F6-2889B79010C1}.Debug|Any CPU.Build.0 = Debug|Any CPU
		{653CAAF5-291C-4B0A-B0F6-2889B79010C1}.Release|Any CPU.ActiveCfg = Release|Any CPU
		{653CAAF5-291C-4B0A-B0F6-2889B79010C1}.Release|Any CPU.Build.0 = Release|Any CPU
	EndGlobalSection
EndGlobal
